<?xml version="1.0" encoding="utf-8"?>
<Project ToolsVersion="4.0" xmlns="http://schemas.microsoft.com/developer/msbuild/2003">
  <ItemGroup>
    <Filter Include="Source Files">
      <UniqueIdentifier>{4FC737F1-C7A5-4376-A066-2A32D752A2FF}</UniqueIdentifier>
      <Extensions>cpp;c;cc;cxx;def;odl;idl;hpj;bat;asm;asmx</Extensions>
    </Filter>
    <Filter Include="Header Files">
      <UniqueIdentifier>{93995380-89BD-4b04-88EB-625FBE52EBFB}</UniqueIdentifier>
      <Extensions>h;hh;hpp;hxx;hm;inl;inc;ipp;xsd</Extensions>
    </Filter>
    <Filter Include="Resource Files">
      <UniqueIdentifier>{67DA6AB6-F800-4c08-8B7A-83BB121AAD01}</UniqueIdentifier>
      <Extensions>rc;ico;cur;bmp;dlg;rc2;rct;bin;rgs;gif;jpg;jpeg;jpe;resx;tiff;tif;png;wav;mfcribbon-ms</Extensions>
    </Filter>
    <Filter Include="Resource Files\ImGui">
      <UniqueIdentifier>{18597224-b2ec-4033-901e-1ac0c4df7a77}</UniqueIdentifier>
    </Filter>
    <Filter Include="Resource Files\GameModes">
      <UniqueIdentifier>{99c4a39a-24ec-488b-b1aa-7a4af0df294f}</UniqueIdentifier>
    </Filter>
    <Filter Include="Resource Files\SIMDJson">
      <UniqueIdentifier>{660cd77f-189d-4380-bb3a-ed560006e353}</UniqueIdentifier>
    </Filter>
  </ItemGroup>
  <ItemGroup>
    <ClInclude Include="RocketPlugin.h">
      <Filter>Header Files</Filter>
    </ClInclude>
    <ClInclude Include="GameModes\Drainage.h">
      <Filter>Resource Files\GameModes</Filter>
    </ClInclude>
    <ClInclude Include="GameModes\CrazyRumble.h">
      <Filter>Resource Files\GameModes</Filter>
    </ClInclude>
    <ClInclude Include="GameModes\Zombies.h">
      <Filter>Resource Files\GameModes</Filter>
    </ClInclude>
    <ClInclude Include="GameModes\BoostSteal.h">
      <Filter>Resource Files\GameModes</Filter>
    </ClInclude>
    <ClInclude Include="Networking\Networking.h">
      <Filter>Header Files</Filter>
    </ClInclude>
    <ClInclude Include="..\External\ImGui\imconfig.h">
      <Filter>Resource Files\ImGui</Filter>
    </ClInclude>
    <ClInclude Include="..\External\ImGui\imgui.h">
      <Filter>Resource Files\ImGui</Filter>
    </ClInclude>
    <ClInclude Include="..\External\ImGui\imgui_additions.h">
      <Filter>Resource Files\ImGui</Filter>
    </ClInclude>
    <ClInclude Include="..\External\ImGui\imgui_internal.h">
      <Filter>Resource Files\ImGui</Filter>
    </ClInclude>
    <ClInclude Include="..\External\ImGui\imgui_rangeslider.h">
      <Filter>Resource Files\ImGui</Filter>
    </ClInclude>
    <ClInclude Include="..\External\ImGui\imgui_searchablecombo.h">
      <Filter>Resource Files\ImGui</Filter>
    </ClInclude>
    <ClInclude Include="..\External\ImGui\imstb_rectpack.h">
      <Filter>Resource Files\ImGui</Filter>
    </ClInclude>
    <ClInclude Include="..\External\ImGui\imstb_textedit.h">
      <Filter>Resource Files\ImGui</Filter>
    </ClInclude>
    <ClInclude Include="..\External\ImGui\imstb_truetype.h">
      <Filter>Resource Files\ImGui</Filter>
    </ClInclude>
    <ClInclude Include="GameModes\KeepAway.h">
      <Filter>Resource Files\GameModes</Filter>
    </ClInclude>
    <ClInclude Include="GameModes\Tag.h">
      <Filter>Resource Files\GameModes</Filter>
    </ClInclude>
    <ClInclude Include="GameModes\Juggernaut.h">
      <Filter>Resource Files\GameModes</Filter>
    </ClInclude>
    <ClInclude Include="Version.h">
      <Filter>Header Files</Filter>
    </ClInclude>
    <ClInclude Include="Resource.h">
      <Filter>Header Files</Filter>
    </ClInclude>
    <ClInclude Include="GameModes\BoostMod.h">
      <Filter>Resource Files\GameModes</Filter>
    </ClInclude>
    <ClInclude Include="GameModes\RocketGameMode.h">
      <Filter>Header Files</Filter>
    </ClInclude>
    <ClInclude Include="GameModes\RumbleItems\RumbleItems.h">
      <Filter>Header Files</Filter>
    </ClInclude>
    <ClInclude Include="GameModes\BoostShare.h">
      <Filter>Resource Files\GameModes</Filter>
    </ClInclude>
    <ClInclude Include="Config.h">
      <Filter>Header Files</Filter>
    </ClInclude>
    <ClInclude Include="GameModes\SacredGround.h">
      <Filter>Resource Files\GameModes</Filter>
    </ClInclude>
    <ClInclude Include="pch.h">
      <Filter>Header Files</Filter>
    </ClInclude>
    <ClInclude Include="GameModes\SmallCars.h">
      <Filter>Resource Files\GameModes</Filter>
    </ClInclude>
    <ClInclude Include="..\External\simdjson\singleheader\simdjson.h">
      <Filter>Resource Files\SIMDJson</Filter>
    </ClInclude>
  </ItemGroup>
  <ItemGroup>
    <ClCompile Include="RocketPlugin.cpp">
      <Filter>Source Files</Filter>
    </ClCompile>
    <ClCompile Include="RocketPluginGUI.cpp">
      <Filter>Source Files</Filter>
    </ClCompile>
    <ClCompile Include="GameModes\Drainage.cpp">
      <Filter>Resource Files\GameModes</Filter>
    </ClCompile>
    <ClCompile Include="GameModes\CrazyRumble.cpp">
      <Filter>Resource Files\GameModes</Filter>
    </ClCompile>
    <ClCompile Include="GameModes\Zombies.cpp">
      <Filter>Resource Files\GameModes</Filter>
    </ClCompile>
    <ClCompile Include="GameModes\BoostSteal.cpp">
      <Filter>Resource Files\GameModes</Filter>
    </ClCompile>
    <ClCompile Include="Networking\UPnPClient.cpp">
      <Filter>Source Files</Filter>
    </ClCompile>
    <ClCompile Include="Networking\P2PHost.cpp">
      <Filter>Source Files</Filter>
    </ClCompile>
    <ClCompile Include="Networking\Networking.cpp">
      <Filter>Source Files</Filter>
    </ClCompile>
    <ClCompile Include="..\External\ImGui\imgui.cpp">
      <Filter>Resource Files\ImGui</Filter>
    </ClCompile>
    <ClCompile Include="..\External\ImGui\imgui_additions.cpp">
      <Filter>Resource Files\ImGui</Filter>
    </ClCompile>
    <ClCompile Include="..\External\ImGui\imgui_demo.cpp">
      <Filter>Resource Files\ImGui</Filter>
    </ClCompile>
    <ClCompile Include="..\External\ImGui\imgui_draw.cpp">
      <Filter>Resource Files\ImGui</Filter>
    </ClCompile>
    <ClCompile Include="..\External\ImGui\imgui_rangeslider.cpp">
      <Filter>Resource Files\ImGui</Filter>
    </ClCompile>
    <ClCompile Include="..\External\ImGui\imgui_searchablecombo.cpp">
      <Filter>Resource Files\ImGui</Filter>
    </ClCompile>
    <ClCompile Include="..\External\ImGui\imgui_widgets.cpp">
      <Filter>Resource Files\ImGui</Filter>
    </ClCompile>
    <ClCompile Include="GameModes\KeepAway.cpp">
      <Filter>Resource Files\GameModes</Filter>
    </ClCompile>
    <ClCompile Include="GameModes\Tag.cpp">
      <Filter>Resource Files\GameModes</Filter>
    </ClCompile>
    <ClCompile Include="GameModes\Juggernaut.cpp">
      <Filter>Resource Files\GameModes</Filter>
    </ClCompile>
    <ClCompile Include="ExternalFunctions.cpp">
      <Filter>Source Files</Filter>
    </ClCompile>
    <ClCompile Include="GameModes\BoostMod.cpp">
      <Filter>Resource Files\GameModes</Filter>
    </ClCompile>
    <ClCompile Include="GameModes\RumbleItems\RumbleItems.cpp">
      <Filter>Source Files</Filter>
    </ClCompile>
    <ClCompile Include="GameModes\BoostShare.cpp">
      <Filter>Resource Files\GameModes</Filter>
    </ClCompile>
    <ClCompile Include="Config.cpp">
      <Filter>Source Files</Filter>
    </ClCompile>
    <ClCompile Include="GameModes\SacredGround.cpp">
      <Filter>Resource Files\GameModes</Filter>
    </ClCompile>
    <ClCompile Include="pch.cpp">
      <Filter>Source Files</Filter>
    </ClCompile>
    <ClCompile Include="GameModes\SmallCars.cpp">
      <Filter>Resource Files\GameModes</Filter>
    </ClCompile>
    <ClCompile Include="..\External\simdjson\singleheader\simdjson.cpp">
      <Filter>Resource Files\SIMDJson</Filter>
    </ClCompile>
  </ItemGroup>
  <ItemGroup>
    <None Include="RLConstants.inc">
      <Filter>Resource Files</Filter>
    </None>
    <None Include="GameModes\RumbleItems\RumbleConstants.inc">
      <Filter>Resource Files</Filter>
    </None>
  </ItemGroup>
  <ItemGroup>
    <ResourceCompile Include="RocketPlugin.rc">
      <Filter>Resource Files</Filter>
    </ResourceCompile>
  </ItemGroup>
</Project>